
Microsoft Visual Studio Solution File, Format Version 12.00
# Visual Studio Version 17
VisualStudioVersion = 17.11.35312.102
MinimumVisualStudioVersion = 10.0.40219.1
Project("{9A19103F-16F7-4668-BE54-9A1E7A4F7556}") = "LabelTransfer", "LabelTransfer\LabelTransfer.csproj", "{7FC8D201-7C8F-4B12-B26B-6932C224F477}"
EndProject
Project("{9A19103F-16F7-4668-BE54-9A1E7A4F7556}") = "Scale.Connect", "Scale.Connect\Scale.Connect.csproj", "{981149D9-8A82-4DCA-8459-75FDA0F7F3E8}"
EndProject
Project("{9A19103F-16F7-4668-BE54-9A1E7A4F7556}") = "Scale.UX", "Scale.UX\Scale.UX.csproj", "{A99DD1C4-9520-48BA-BEE8-CE3B9759BBEF}"
EndProject
Project("{9A19103F-16F7-4668-BE54-9A1E7A4F7556}") = "NetLicensingClient", "NetLicensingClient\NetLicensingClient.csproj", "{B397AE37-3F2B-46EF-8A9E-127ED5DF6883}"
EndProject
Project("{FAE04EC0-301F-11D3-BF4B-00C04F79EFBC}") = "License.Logic", "License.Logic\License.Logic.csproj", "{36DDCD15-065F-47E4-9AAD-5950E76223E2}"
EndProject
Global
	GlobalSection(SolutionConfigurationPlatforms) = preSolution
		Debug|Any CPU = Debug|Any CPU
		Release|Any CPU = Release|Any CPU
	EndGlobalSection
	GlobalSection(ProjectConfigurationPlatforms) = postSolution
		{7FC8D201-7C8F-4B12-B26B-6932C224F477}.Debug|Any CPU.ActiveCfg = Debug|Any CPU
		{7FC8D201-7C8F-4B12-B26B-6932C224F477}.Debug|Any CPU.Build.0 = Debug|Any CPU
		{7FC8D201-7C8F-4B12-B26B-6932C224F477}.Release|Any CPU.ActiveCfg = Release|Any CPU
		{7FC8D201-7C8F-4B12-B26B-6932C224F477}.Release|Any CPU.Build.0 = Release|Any CPU
		{981149D9-8A82-4DCA-8459-75FDA0F7F3E8}.Debug|Any CPU.ActiveCfg = Debug|Any CPU
		{981149D9-8A82-4DCA-8459-75FDA0F7F3E8}.Debug|Any CPU.Build.0 = Debug|Any CPU
		{981149D9-8A82-4DCA-8459-75FDA0F7F3E8}.Release|Any CPU.ActiveCfg = Release|Any CPU
		{981149D9-8A82-4DCA-8459-75FDA0F7F3E8}.Release|Any CPU.Build.0 = Release|Any CPU
		{A99DD1C4-9520-48BA-BEE8-CE3B9759BBEF}.Debug|Any CPU.ActiveCfg = Debug|Any CPU
		{A99DD1C4-9520-48BA-BEE8-CE3B9759BBEF}.Debug|Any CPU.Build.0 = Debug|Any CPU
		{A99DD1C4-9520-48BA-BEE8-CE3B9759BBEF}.Release|Any CPU.ActiveCfg = Release|Any CPU
		{A99DD1C4-9520-48BA-BEE8-CE3B9759BBEF}.Release|Any CPU.Build.0 = Release|Any CPU
		{B397AE37-3F2B-46EF-8A9E-127ED5DF6883}.Debug|Any CPU.ActiveCfg = Debug|Any CPU
		{B397AE37-3F2B-46EF-8A9E-127ED5DF6883}.Debug|Any CPU.Build.0 = Debug|Any CPU
		{B397AE37-3F2B-46EF-8A9E-127ED5DF6883}.Release|Any CPU.ActiveCfg = Release|Any CPU
		{B397AE37-3F2B-46EF-8A9E-127ED5DF6883}.Release|Any CPU.Build.0 = Release|Any CPU
		{36DDCD15-065F-47E4-9AAD-5950E76223E2}.Debug|Any CPU.ActiveCfg = Debug|Any CPU
		{36DDCD15-065F-47E4-9AAD-5950E76223E2}.Debug|Any CPU.Build.0 = Debug|Any CPU
		{36DDCD15-065F-47E4-9AAD-5950E76223E2}.Release|Any CPU.ActiveCfg = Release|Any CPU
		{36DDCD15-065F-47E4-9AAD-5950E76223E2}.Release|Any CPU.Build.0 = Release|Any CPU
	EndGlobalSection
	GlobalSection(SolutionProperties) = preSolution
		HideSolutionNode = FALSE
	EndGlobalSection
	GlobalSection(ExtensibilityGlobals) = postSolution
		SolutionGuid = {E183AE08-E23F-45FD-AAA5-7338E2D469BF}
	EndGlobalSection
EndGlobal
